
Microsoft Visual Studio Solution File, Format Version 12.00
# Visual Studio Version 16
VisualStudioVersion = 16.0.31624.102
MinimumVisualStudioVersion = 10.0.40219.1
Project("{9A19103F-16F7-4668-BE54-9A1E7A4F7556}") = "movies_app", "movies_app\movies_app.csproj", "{C8706590-B448-400C-949C-1926D8BC3F6F}"
EndProject
Global
	GlobalSection(SolutionConfigurationPlatforms) = preSolution
		Debug|Any CPU = Debug|Any CPU
		Release|Any CPU = Release|Any CPU
	EndGlobalSection
	GlobalSection(ProjectConfigurationPlatforms) = postSolution
		{C8706590-B448-400C-949C-1926D8BC3F6F}.Debug|Any CPU.ActiveCfg = Release|Any CPU
		{C8706590-B448-400C-949C-1926D8BC3F6F}.Debug|Any CPU.Build.0 = Release|Any CPU
		{C8706590-B448-400C-949C-1926D8BC3F6F}.Release|Any CPU.ActiveCfg = Release|Any CPU
		{C8706590-B448-400C-949C-1926D8BC3F6F}.Release|Any CPU.Build.0 = Release|Any CPU
	EndGlobalSection
	GlobalSection(SolutionProperties) = preSolution
		HideSolutionNode = FALSE
	EndGlobalSection
	GlobalSection(ExtensibilityGlobals) = postSolution
		SolutionGuid = {7A09C878-24F7-4E13-A4FF-EBA68D26DD22}
	EndGlobalSection
EndGlobal
